// !$*UTF8*$!
{
	archiveVersion = 1;
	classes = {
	};
	objectVersion = 46;
	objects = {

/* Begin PBXBuildFile section */
		043C16EE1C04DD3000286C39 /* DemoSlider.m in Sources */ = {isa = PBXBuildFile; fileRef = 043C16EC1C04DD3000286C39 /* DemoSlider.m */; settings = {ASSET_TAGS = (); }; };
		043C16EF1C04DD3000286C39 /* DemoSlider.xib in Resources */ = {isa = PBXBuildFile; fileRef = 043C16ED1C04DD3000286C39 /* DemoSlider.xib */; settings = {ASSET_TAGS = (); }; };
		04634F881C04E63300CCB02B /* OffBlack.png in Resources */ = {isa = PBXBuildFile; fileRef = 04634F841C04E63300CCB02B /* OffBlack.png */; settings = {ASSET_TAGS = (); }; };
		04634F891C04E63300CCB02B /* OffWhite.png in Resources */ = {isa = PBXBuildFile; fileRef = 04634F851C04E63300CCB02B /* OffWhite.png */; settings = {ASSET_TAGS = (); }; };
		04634F8A1C04E63300CCB02B /* OnBlack.png in Resources */ = {isa = PBXBuildFile; fileRef = 04634F861C04E63300CCB02B /* OnBlack.png */; settings = {ASSET_TAGS = (); }; };
		04634F8B1C04E63300CCB02B /* OnWhite.png in Resources */ = {isa = PBXBuildFile; fileRef = 04634F871C04E63300CCB02B /* OnWhite.png */; settings = {ASSET_TAGS = (); }; };
		04634F971C055E8300CCB02B /* Customized UISwitch.m in Sources */ = {isa = PBXBuildFile; fileRef = 04634F951C055E8300CCB02B /* Customized UISwitch.m */; settings = {ASSET_TAGS = (); }; };
		04634F981C055E8300CCB02B /* Customized UISwitch.xib in Resources */ = {isa = PBXBuildFile; fileRef = 04634F961C055E8300CCB02B /* Customized UISwitch.xib */; settings = {ASSET_TAGS = (); }; };
		04634F9C1C05702000CCB02B /* SkewImage.m in Sources */ = {isa = PBXBuildFile; fileRef = 04634F9A1C05702000CCB02B /* SkewImage.m */; settings = {ASSET_TAGS = (); }; };
		04634F9D1C05702000CCB02B /* SkewImage.xib in Resources */ = {isa = PBXBuildFile; fileRef = 04634F9B1C05702000CCB02B /* SkewImage.xib */; settings = {ASSET_TAGS = (); }; };
		04634FA21C05711C00CCB02B /* SkewImage.jpg in Resources */ = {isa = PBXBuildFile; fileRef = 04634FA11C05711C00CCB02B /* SkewImage.jpg */; settings = {ASSET_TAGS = (); }; };
		0499B9C01C04231C00B35444 /* main.m in Sources */ = {isa = PBXBuildFile; fileRef = 0499B9BF1C04231C00B35444 /* main.m */; };
		0499B9CB1C04231D00B35444 /* Assets.xcassets in Resources */ = {isa = PBXBuildFile; fileRef = 0499B9CA1C04231D00B35444 /* Assets.xcassets */; };
		0499B9CE1C04231D00B35444 /* LaunchScreen.storyboard in Resources */ = {isa = PBXBuildFile; fileRef = 0499B9CC1C04231D00B35444 /* LaunchScreen.storyboard */; };
		0499B9D91C04231D00B35444 /* ObjcExamplesTests.m in Sources */ = {isa = PBXBuildFile; fileRef = 0499B9D81C04231D00B35444 /* ObjcExamplesTests.m */; };
		0499B9E41C04231D00B35444 /* ObjcExamplesUITests.m in Sources */ = {isa = PBXBuildFile; fileRef = 0499B9E31C04231D00B35444 /* ObjcExamplesUITests.m */; };
		0499B9FD1C0423F900B35444 /* AppDelegate.m in Sources */ = {isa = PBXBuildFile; fileRef = 0499B9F61C0423F900B35444 /* AppDelegate.m */; settings = {ASSET_TAGS = (); }; };
		0499B9FE1C0423F900B35444 /* BootLogic.m in Sources */ = {isa = PBXBuildFile; fileRef = 0499B9F81C0423F900B35444 /* BootLogic.m */; settings = {ASSET_TAGS = (); }; };
		0499B9FF1C0423F900B35444 /* ConsoleScreen.m in Sources */ = {isa = PBXBuildFile; fileRef = 0499B9FA1C0423F900B35444 /* ConsoleScreen.m */; settings = {ASSET_TAGS = (); }; };
		0499BA001C0423F900B35444 /* MainScreen.m in Sources */ = {isa = PBXBuildFile; fileRef = 0499B9FC1C0423F900B35444 /* MainScreen.m */; settings = {ASSET_TAGS = (); }; };
		0499BA0A1C0425E700B35444 /* DemoFunction.m in Sources */ = {isa = PBXBuildFile; fileRef = 0499BA091C0425E700B35444 /* DemoFunction.m */; settings = {ASSET_TAGS = (); }; };
		0499BA131C04291100B35444 /* DemoSelector.m in Sources */ = {isa = PBXBuildFile; fileRef = 0499BA111C04291100B35444 /* DemoSelector.m */; settings = {ASSET_TAGS = (); }; };
		0499BA141C04291100B35444 /* DemoSelector.xib in Resources */ = {isa = PBXBuildFile; fileRef = 0499BA121C04291100B35444 /* DemoSelector.xib */; settings = {ASSET_TAGS = (); }; };
		04E520121C06C57100E23EF0 /* CvsObcFunction.m in Sources */ = {isa = PBXBuildFile; fileRef = 04E520111C06C57100E23EF0 /* CvsObcFunction.m */; settings = {ASSET_TAGS = (); }; };
		04E520251C06DCC500E23EF0 /* CreateArray.m in Sources */ = {isa = PBXBuildFile; fileRef = 04E520241C06DCC500E23EF0 /* CreateArray.m */; settings = {ASSET_TAGS = (); }; };
		04E520271C06E15700E23EF0 /* Data.plist in Resources */ = {isa = PBXBuildFile; fileRef = 04E520261C06E15700E23EF0 /* Data.plist */; settings = {ASSET_TAGS = (); }; };
		04E5202A1C074B7E00E23EF0 /* QueryArray.m in Sources */ = {isa = PBXBuildFile; fileRef = 04E520291C074B7E00E23EF0 /* QueryArray.m */; settings = {ASSET_TAGS = (); }; };
		04E5202D1C074D7100E23EF0 /* Student.m in Sources */ = {isa = PBXBuildFile; fileRef = 04E5202C1C074D7100E23EF0 /* Student.m */; settings = {ASSET_TAGS = (); }; };
		04E520301C077AFC00E23EF0 /* ArrayHW1.m in Sources */ = {isa = PBXBuildFile; fileRef = 04E5202F1C077AFC00E23EF0 /* ArrayHW1.m */; settings = {ASSET_TAGS = (); }; };
		04E520321C077B2300E23EF0 /* ArrayHW1.plist in Resources */ = {isa = PBXBuildFile; fileRef = 04E520311C077B2300E23EF0 /* ArrayHW1.plist */; settings = {ASSET_TAGS = (); }; };
		04E520351C07860900E23EF0 /* ArrayHW2.m in Sources */ = {isa = PBXBuildFile; fileRef = 04E520341C07860900E23EF0 /* ArrayHW2.m */; settings = {ASSET_TAGS = (); }; };
		04E520381C07863D00E23EF0 /* ArrayHW2RemoveDuplicate.m in Sources */ = {isa = PBXBuildFile; fileRef = 04E520371C07863D00E23EF0 /* ArrayHW2RemoveDuplicate.m */; settings = {ASSET_TAGS = (); }; };
/* End PBXBuildFile section */

/* Begin PBXContainerItemProxy section */
		0499B9D51C04231D00B35444 /* PBXContainerItemProxy */ = {
			isa = PBXContainerItemProxy;
			containerPortal = 0499B9B31C04231C00B35444 /* Project object */;
			proxyType = 1;
			remoteGlobalIDString = 0499B9BA1C04231C00B35444;
			remoteInfo = ObjcExamples;
		};
		0499B9E01C04231D00B35444 /* PBXContainerItemProxy */ = {
			isa = PBXContainerItemProxy;
			containerPortal = 0499B9B31C04231C00B35444 /* Project object */;
			proxyType = 1;
			remoteGlobalIDString = 0499B9BA1C04231C00B35444;
			remoteInfo = ObjcExamples;
		};
/* End PBXContainerItemProxy section */

/* Begin PBXFileReference section */
		043C16EB1C04DD3000286C39 /* DemoSlider.h */ = {isa = PBXFileReference; fileEncoding = 4; lastKnownFileType = sourcecode.c.h; path = DemoSlider.h; sourceTree = "<group>"; };
		043C16EC1C04DD3000286C39 /* DemoSlider.m */ = {isa = PBXFileReference; fileEncoding = 4; lastKnownFileType = sourcecode.c.objc; path = DemoSlider.m; sourceTree = "<group>"; };
		043C16ED1C04DD3000286C39 /* DemoSlider.xib */ = {isa = PBXFileReference; fileEncoding = 4; lastKnownFileType = file.xib; path = DemoSlider.xib; sourceTree = "<group>"; };
		04634F841C04E63300CCB02B /* OffBlack.png */ = {isa = PBXFileReference; lastKnownFileType = image.png; path = OffBlack.png; sourceTree = "<group>"; };
		04634F851C04E63300CCB02B /* OffWhite.png */ = {isa = PBXFileReference; lastKnownFileType = image.png; path = OffWhite.png; sourceTree = "<group>"; };
		04634F861C04E63300CCB02B /* OnBlack.png */ = {isa = PBXFileReference; lastKnownFileType = image.png; path = OnBlack.png; sourceTree = "<group>"; };
		04634F871C04E63300CCB02B /* OnWhite.png */ = {isa = PBXFileReference; lastKnownFileType = image.png; path = OnWhite.png; sourceTree = "<group>"; };
		04634F941C055E8300CCB02B /* Customized UISwitch.h */ = {isa = PBXFileReference; fileEncoding = 4; lastKnownFileType = sourcecode.c.h; path = "Customized UISwitch.h"; sourceTree = "<group>"; };
		04634F951C055E8300CCB02B /* Customized UISwitch.m */ = {isa = PBXFileReference; fileEncoding = 4; lastKnownFileType = sourcecode.c.objc; path = "Customized UISwitch.m"; sourceTree = "<group>"; };
		04634F961C055E8300CCB02B /* Customized UISwitch.xib */ = {isa = PBXFileReference; fileEncoding = 4; lastKnownFileType = file.xib; path = "Customized UISwitch.xib"; sourceTree = "<group>"; };
		04634F991C05702000CCB02B /* SkewImage.h */ = {isa = PBXFileReference; fileEncoding = 4; lastKnownFileType = sourcecode.c.h; path = SkewImage.h; sourceTree = "<group>"; };
		04634F9A1C05702000CCB02B /* SkewImage.m */ = {isa = PBXFileReference; fileEncoding = 4; lastKnownFileType = sourcecode.c.objc; path = SkewImage.m; sourceTree = "<group>"; };
		04634F9B1C05702000CCB02B /* SkewImage.xib */ = {isa = PBXFileReference; fileEncoding = 4; lastKnownFileType = file.xib; path = SkewImage.xib; sourceTree = "<group>"; };
		04634FA11C05711C00CCB02B /* SkewImage.jpg */ = {isa = PBXFileReference; lastKnownFileType = image.jpeg; path = SkewImage.jpg; sourceTree = "<group>"; };
		0499B9BB1C04231C00B35444 /* ObjcExamples.app */ = {isa = PBXFileReference; explicitFileType = wrapper.application; includeInIndex = 0; path = ObjcExamples.app; sourceTree = BUILT_PRODUCTS_DIR; };
		0499B9BF1C04231C00B35444 /* main.m */ = {isa = PBXFileReference; lastKnownFileType = sourcecode.c.objc; path = main.m; sourceTree = "<group>"; };
		0499B9CA1C04231D00B35444 /* Assets.xcassets */ = {isa = PBXFileReference; lastKnownFileType = folder.assetcatalog; path = Assets.xcassets; sourceTree = "<group>"; };
		0499B9CD1C04231D00B35444 /* Base */ = {isa = PBXFileReference; lastKnownFileType = file.storyboard; name = Base; path = Base.lproj/LaunchScreen.storyboard; sourceTree = "<group>"; };
		0499B9CF1C04231D00B35444 /* Info.plist */ = {isa = PBXFileReference; lastKnownFileType = text.plist.xml; path = Info.plist; sourceTree = "<group>"; };
		0499B9D41C04231D00B35444 /* ObjcExamplesTests.xctest */ = {isa = PBXFileReference; explicitFileType = wrapper.cfbundle; includeInIndex = 0; path = ObjcExamplesTests.xctest; sourceTree = BUILT_PRODUCTS_DIR; };
		0499B9D81C04231D00B35444 /* ObjcExamplesTests.m */ = {isa = PBXFileReference; lastKnownFileType = sourcecode.c.objc; path = ObjcExamplesTests.m; sourceTree = "<group>"; };
		0499B9DA1C04231D00B35444 /* Info.plist */ = {isa = PBXFileReference; lastKnownFileType = text.plist.xml; path = Info.plist; sourceTree = "<group>"; };
		0499B9DF1C04231D00B35444 /* ObjcExamplesUITests.xctest */ = {isa = PBXFileReference; explicitFileType = wrapper.cfbundle; includeInIndex = 0; path = ObjcExamplesUITests.xctest; sourceTree = BUILT_PRODUCTS_DIR; };
		0499B9E31C04231D00B35444 /* ObjcExamplesUITests.m */ = {isa = PBXFileReference; lastKnownFileType = sourcecode.c.objc; path = ObjcExamplesUITests.m; sourceTree = "<group>"; };
		0499B9E51C04231D00B35444 /* Info.plist */ = {isa = PBXFileReference; lastKnownFileType = text.plist.xml; path = Info.plist; sourceTree = "<group>"; };
		0499B9F51C0423F900B35444 /* AppDelegate.h */ = {isa = PBXFileReference; fileEncoding = 4; lastKnownFileType = sourcecode.c.h; path = AppDelegate.h; sourceTree = "<group>"; };
		0499B9F61C0423F900B35444 /* AppDelegate.m */ = {isa = PBXFileReference; fileEncoding = 4; lastKnownFileType = sourcecode.c.objc; path = AppDelegate.m; sourceTree = "<group>"; };
		0499B9F71C0423F900B35444 /* BootLogic.h */ = {isa = PBXFileReference; fileEncoding = 4; lastKnownFileType = sourcecode.c.h; path = BootLogic.h; sourceTree = "<group>"; };
		0499B9F81C0423F900B35444 /* BootLogic.m */ = {isa = PBXFileReference; fileEncoding = 4; lastKnownFileType = sourcecode.c.objc; path = BootLogic.m; sourceTree = "<group>"; };
		0499B9F91C0423F900B35444 /* ConsoleScreen.h */ = {isa = PBXFileReference; fileEncoding = 4; lastKnownFileType = sourcecode.c.h; path = ConsoleScreen.h; sourceTree = "<group>"; };
		0499B9FA1C0423F900B35444 /* ConsoleScreen.m */ = {isa = PBXFileReference; fileEncoding = 4; lastKnownFileType = sourcecode.c.objc; path = ConsoleScreen.m; sourceTree = "<group>"; };
		0499B9FB1C0423F900B35444 /* MainScreen.h */ = {isa = PBXFileReference; fileEncoding = 4; lastKnownFileType = sourcecode.c.h; path = MainScreen.h; sourceTree = "<group>"; };
		0499B9FC1C0423F900B35444 /* MainScreen.m */ = {isa = PBXFileReference; fileEncoding = 4; lastKnownFileType = sourcecode.c.objc; path = MainScreen.m; sourceTree = "<group>"; };
		0499BA081C0425E700B35444 /* DemoFunction.h */ = {isa = PBXFileReference; fileEncoding = 4; lastKnownFileType = sourcecode.c.h; path = DemoFunction.h; sourceTree = "<group>"; };
		0499BA091C0425E700B35444 /* DemoFunction.m */ = {isa = PBXFileReference; fileEncoding = 4; lastKnownFileType = sourcecode.c.objc; path = DemoFunction.m; sourceTree = "<group>"; };
		0499BA101C04291100B35444 /* DemoSelector.h */ = {isa = PBXFileReference; fileEncoding = 4; lastKnownFileType = sourcecode.c.h; path = DemoSelector.h; sourceTree = "<group>"; };
		0499BA111C04291100B35444 /* DemoSelector.m */ = {isa = PBXFileReference; fileEncoding = 4; lastKnownFileType = sourcecode.c.objc; path = DemoSelector.m; sourceTree = "<group>"; };
		0499BA121C04291100B35444 /* DemoSelector.xib */ = {isa = PBXFileReference; fileEncoding = 4; lastKnownFileType = file.xib; path = DemoSelector.xib; sourceTree = "<group>"; };
		04E520101C06C57100E23EF0 /* CvsObcFunction.h */ = {isa = PBXFileReference; fileEncoding = 4; lastKnownFileType = sourcecode.c.h; path = CvsObcFunction.h; sourceTree = "<group>"; };
		04E520111C06C57100E23EF0 /* CvsObcFunction.m */ = {isa = PBXFileReference; fileEncoding = 4; lastKnownFileType = sourcecode.c.objc; path = CvsObcFunction.m; sourceTree = "<group>"; };
		04E520231C06DCC500E23EF0 /* CreateArray.h */ = {isa = PBXFileReference; fileEncoding = 4; lastKnownFileType = sourcecode.c.h; path = CreateArray.h; sourceTree = "<group>"; };
		04E520241C06DCC500E23EF0 /* CreateArray.m */ = {isa = PBXFileReference; fileEncoding = 4; lastKnownFileType = sourcecode.c.objc; path = CreateArray.m; sourceTree = "<group>"; };
		04E520261C06E15700E23EF0 /* Data.plist */ = {isa = PBXFileReference; fileEncoding = 4; lastKnownFileType = text.plist.xml; path = Data.plist; sourceTree = "<group>"; };
		04E520281C074B7E00E23EF0 /* QueryArray.h */ = {isa = PBXFileReference; fileEncoding = 4; lastKnownFileType = sourcecode.c.h; path = QueryArray.h; sourceTree = "<group>"; };
		04E520291C074B7E00E23EF0 /* QueryArray.m */ = {isa = PBXFileReference; fileEncoding = 4; lastKnownFileType = sourcecode.c.objc; path = QueryArray.m; sourceTree = "<group>"; };
		04E5202B1C074D7100E23EF0 /* Student.h */ = {isa = PBXFileReference; fileEncoding = 4; lastKnownFileType = sourcecode.c.h; path = Student.h; sourceTree = "<group>"; };
		04E5202C1C074D7100E23EF0 /* Student.m */ = {isa = PBXFileReference; fileEncoding = 4; lastKnownFileType = sourcecode.c.objc; path = Student.m; sourceTree = "<group>"; };
		04E5202E1C077AFC00E23EF0 /* ArrayHW1.h */ = {isa = PBXFileReference; fileEncoding = 4; lastKnownFileType = sourcecode.c.h; path = ArrayHW1.h; sourceTree = "<group>"; };
		04E5202F1C077AFC00E23EF0 /* ArrayHW1.m */ = {isa = PBXFileReference; fileEncoding = 4; lastKnownFileType = sourcecode.c.objc; path = ArrayHW1.m; sourceTree = "<group>"; };
		04E520311C077B2300E23EF0 /* ArrayHW1.plist */ = {isa = PBXFileReference; fileEncoding = 4; lastKnownFileType = text.plist.xml; path = ArrayHW1.plist; sourceTree = "<group>"; };
		04E520331C07860900E23EF0 /* ArrayHW2.h */ = {isa = PBXFileReference; fileEncoding = 4; lastKnownFileType = sourcecode.c.h; path = ArrayHW2.h; sourceTree = "<group>"; };
		04E520341C07860900E23EF0 /* ArrayHW2.m */ = {isa = PBXFileReference; fileEncoding = 4; lastKnownFileType = sourcecode.c.objc; path = ArrayHW2.m; sourceTree = "<group>"; };
		04E520361C07863D00E23EF0 /* ArrayHW2RemoveDuplicate.h */ = {isa = PBXFileReference; fileEncoding = 4; lastKnownFileType = sourcecode.c.h; path = ArrayHW2RemoveDuplicate.h; sourceTree = "<group>"; };
		04E520371C07863D00E23EF0 /* ArrayHW2RemoveDuplicate.m */ = {isa = PBXFileReference; fileEncoding = 4; lastKnownFileType = sourcecode.c.objc; path = ArrayHW2RemoveDuplicate.m; sourceTree = "<group>"; };
/* End PBXFileReference section */

/* Begin PBXFrameworksBuildPhase section */
		0499B9B81C04231C00B35444 /* Frameworks */ = {
			isa = PBXFrameworksBuildPhase;
			buildActionMask = 2147483647;
			files = (
			);
			runOnlyForDeploymentPostprocessing = 0;
		};
		0499B9D11C04231D00B35444 /* Frameworks */ = {
			isa = PBXFrameworksBuildPhase;
			buildActionMask = 2147483647;
			files = (
			);
			runOnlyForDeploymentPostprocessing = 0;
		};
		0499B9DC1C04231D00B35444 /* Frameworks */ = {
			isa = PBXFrameworksBuildPhase;
			buildActionMask = 2147483647;
			files = (
			);
			runOnlyForDeploymentPostprocessing = 0;
		};
/* End PBXFrameworksBuildPhase section */

/* Begin PBXGroup section */
		04634F831C04E60A00CCB02B /* Image Switch */ = {
			isa = PBXGroup;
			children = (
				04634F841C04E63300CCB02B /* OffBlack.png */,
				04634F851C04E63300CCB02B /* OffWhite.png */,
				04634F861C04E63300CCB02B /* OnBlack.png */,
				04634F871C04E63300CCB02B /* OnWhite.png */,
			);
			name = "Image Switch";
			sourceTree = "<group>";
		};
		04634F9E1C05707F00CCB02B /* SkewImage */ = {
			isa = PBXGroup;
			children = (
				04634FA11C05711C00CCB02B /* SkewImage.jpg */,
			);
			name = SkewImage;
			sourceTree = "<group>";
		};
		0499B9B21C04231C00B35444 = {
			isa = PBXGroup;
			children = (
				0499B9BD1C04231C00B35444 /* ObjcExamples */,
				0499B9D71C04231D00B35444 /* ObjcExamplesTests */,
				0499B9E21C04231D00B35444 /* ObjcExamplesUITests */,
				0499B9BC1C04231C00B35444 /* Products */,
			);
			sourceTree = "<group>";
		};
		0499B9BC1C04231C00B35444 /* Products */ = {
			isa = PBXGroup;
			children = (
				0499B9BB1C04231C00B35444 /* ObjcExamples.app */,
				0499B9D41C04231D00B35444 /* ObjcExamplesTests.xctest */,
				0499B9DF1C04231D00B35444 /* ObjcExamplesUITests.xctest */,
			);
			name = Products;
			sourceTree = "<group>";
		};
		0499B9BD1C04231C00B35444 /* ObjcExamples */ = {
			isa = PBXGroup;
			children = (
				04634F9E1C05707F00CCB02B /* SkewImage */,
				04634F831C04E60A00CCB02B /* Image Switch */,
				0499B9F11C04237900B35444 /* Core */,
				0499BA011C04250400B35444 /* Basic */,
				04E5201F1C06DBF300E23EF0 /* Array */,
				0499B9CA1C04231D00B35444 /* Assets.xcassets */,
				0499B9CC1C04231D00B35444 /* LaunchScreen.storyboard */,
				0499B9CF1C04231D00B35444 /* Info.plist */,
				0499B9BE1C04231C00B35444 /* Supporting Files */,
			);
			path = ObjcExamples;
			sourceTree = "<group>";
		};
		0499B9BE1C04231C00B35444 /* Supporting Files */ = {
			isa = PBXGroup;
			children = (
				0499B9BF1C04231C00B35444 /* main.m */,
			);
			name = "Supporting Files";
			sourceTree = "<group>";
		};
		0499B9D71C04231D00B35444 /* ObjcExamplesTests */ = {
			isa = PBXGroup;
			children = (
				0499B9D81C04231D00B35444 /* ObjcExamplesTests.m */,
				0499B9DA1C04231D00B35444 /* Info.plist */,
			);
			path = ObjcExamplesTests;
			sourceTree = "<group>";
		};
		0499B9E21C04231D00B35444 /* ObjcExamplesUITests */ = {
			isa = PBXGroup;
			children = (
				0499B9E31C04231D00B35444 /* ObjcExamplesUITests.m */,
				0499B9E51C04231D00B35444 /* Info.plist */,
			);
			path = ObjcExamplesUITests;
			sourceTree = "<group>";
		};
		0499B9F11C04237900B35444 /* Core */ = {
			isa = PBXGroup;
			children = (
				0499B9F51C0423F900B35444 /* AppDelegate.h */,
				0499B9F61C0423F900B35444 /* AppDelegate.m */,
				0499B9F71C0423F900B35444 /* BootLogic.h */,
				0499B9F81C0423F900B35444 /* BootLogic.m */,
				0499B9F91C0423F900B35444 /* ConsoleScreen.h */,
				0499B9FA1C0423F900B35444 /* ConsoleScreen.m */,
				0499B9FB1C0423F900B35444 /* MainScreen.h */,
				0499B9FC1C0423F900B35444 /* MainScreen.m */,
			);
			name = Core;
			sourceTree = "<group>";
		};
		0499BA011C04250400B35444 /* Basic */ = {
			isa = PBXGroup;
			children = (
				0499BA081C0425E700B35444 /* DemoFunction.h */,
				0499BA091C0425E700B35444 /* DemoFunction.m */,
				0499BA101C04291100B35444 /* DemoSelector.h */,
				0499BA111C04291100B35444 /* DemoSelector.m */,
				0499BA121C04291100B35444 /* DemoSelector.xib */,
				043C16EB1C04DD3000286C39 /* DemoSlider.h */,
				043C16EC1C04DD3000286C39 /* DemoSlider.m */,
				043C16ED1C04DD3000286C39 /* DemoSlider.xib */,
				04634F941C055E8300CCB02B /* Customized UISwitch.h */,
				04634F951C055E8300CCB02B /* Customized UISwitch.m */,
				04634F961C055E8300CCB02B /* Customized UISwitch.xib */,
				04634F991C05702000CCB02B /* SkewImage.h */,
				04634F9A1C05702000CCB02B /* SkewImage.m */,
				04634F9B1C05702000CCB02B /* SkewImage.xib */,
				04E520101C06C57100E23EF0 /* CvsObcFunction.h */,
				04E520111C06C57100E23EF0 /* CvsObcFunction.m */,
			);
			name = Basic;
			sourceTree = "<group>";
		};
		04E5201F1C06DBF300E23EF0 /* Array */ = {
			isa = PBXGroup;
			children = (
				04E520231C06DCC500E23EF0 /* CreateArray.h */,
				04E520241C06DCC500E23EF0 /* CreateArray.m */,
				04E520261C06E15700E23EF0 /* Data.plist */,
				04E520281C074B7E00E23EF0 /* QueryArray.h */,
				04E520291C074B7E00E23EF0 /* QueryArray.m */,
				04E5202B1C074D7100E23EF0 /* Student.h */,
				04E5202C1C074D7100E23EF0 /* Student.m */,
				04E5202E1C077AFC00E23EF0 /* ArrayHW1.h */,
				04E5202F1C077AFC00E23EF0 /* ArrayHW1.m */,
				04E520311C077B2300E23EF0 /* ArrayHW1.plist */,
				04E520331C07860900E23EF0 /* ArrayHW2.h */,
				04E520341C07860900E23EF0 /* ArrayHW2.m */,
				04E520361C07863D00E23EF0 /* ArrayHW2RemoveDuplicate.h */,
				04E520371C07863D00E23EF0 /* ArrayHW2RemoveDuplicate.m */,
			);
			name = Array;
			sourceTree = "<group>";
		};
/* End PBXGroup section */

/* Begin PBXNativeTarget section */
		0499B9BA1C04231C00B35444 /* ObjcExamples */ = {
			isa = PBXNativeTarget;
			buildConfigurationList = 0499B9E81C04231D00B35444 /* Build configuration list for PBXNativeTarget "ObjcExamples" */;
			buildPhases = (
				0499B9B71C04231C00B35444 /* Sources */,
				0499B9B81C04231C00B35444 /* Frameworks */,
				0499B9B91C04231C00B35444 /* Resources */,
			);
			buildRules = (
			);
			dependencies = (
			);
			name = ObjcExamples;
			productName = ObjcExamples;
			productReference = 0499B9BB1C04231C00B35444 /* ObjcExamples.app */;
			productType = "com.apple.product-type.application";
		};
		0499B9D31C04231D00B35444 /* ObjcExamplesTests */ = {
			isa = PBXNativeTarget;
			buildConfigurationList = 0499B9EB1C04231D00B35444 /* Build configuration list for PBXNativeTarget "ObjcExamplesTests" */;
			buildPhases = (
				0499B9D01C04231D00B35444 /* Sources */,
				0499B9D11C04231D00B35444 /* Frameworks */,
				0499B9D21C04231D00B35444 /* Resources */,
			);
			buildRules = (
			);
			dependencies = (
				0499B9D61C04231D00B35444 /* PBXTargetDependency */,
			);
			name = ObjcExamplesTests;
			productName = ObjcExamplesTests;
			productReference = 0499B9D41C04231D00B35444 /* ObjcExamplesTests.xctest */;
			productType = "com.apple.product-type.bundle.unit-test";
		};
		0499B9DE1C04231D00B35444 /* ObjcExamplesUITests */ = {
			isa = PBXNativeTarget;
			buildConfigurationList = 0499B9EE1C04231D00B35444 /* Build configuration list for PBXNativeTarget "ObjcExamplesUITests" */;
			buildPhases = (
				0499B9DB1C04231D00B35444 /* Sources */,
				0499B9DC1C04231D00B35444 /* Frameworks */,
				0499B9DD1C04231D00B35444 /* Resources */,
			);
			buildRules = (
			);
			dependencies = (
				0499B9E11C04231D00B35444 /* PBXTargetDependency */,
			);
			name = ObjcExamplesUITests;
			productName = ObjcExamplesUITests;
			productReference = 0499B9DF1C04231D00B35444 /* ObjcExamplesUITests.xctest */;
			productType = "com.apple.product-type.bundle.ui-testing";
		};
/* End PBXNativeTarget section */

/* Begin PBXProject section */
		0499B9B31C04231C00B35444 /* Project object */ = {
			isa = PBXProject;
			attributes = {
				LastUpgradeCheck = 0700;
				ORGANIZATIONNAME = tubjng;
				TargetAttributes = {
					0499B9BA1C04231C00B35444 = {
						CreatedOnToolsVersion = 7.0.1;
						DevelopmentTeam = 43478CRMC7;
					};
					0499B9D31C04231D00B35444 = {
						CreatedOnToolsVersion = 7.0.1;
						TestTargetID = 0499B9BA1C04231C00B35444;
					};
					0499B9DE1C04231D00B35444 = {
						CreatedOnToolsVersion = 7.0.1;
						TestTargetID = 0499B9BA1C04231C00B35444;
					};
				};
			};
			buildConfigurationList = 0499B9B61C04231C00B35444 /* Build configuration list for PBXProject "ObjcExamples" */;
			compatibilityVersion = "Xcode 3.2";
			developmentRegion = English;
			hasScannedForEncodings = 0;
			knownRegions = (
				en,
				Base,
			);
			mainGroup = 0499B9B21C04231C00B35444;
			productRefGroup = 0499B9BC1C04231C00B35444 /* Products */;
			projectDirPath = "";
			projectRoot = "";
			targets = (
				0499B9BA1C04231C00B35444 /* ObjcExamples */,
				0499B9D31C04231D00B35444 /* ObjcExamplesTests */,
				0499B9DE1C04231D00B35444 /* ObjcExamplesUITests */,
			);
		};
/* End PBXProject section */

/* Begin PBXResourcesBuildPhase section */
		0499B9B91C04231C00B35444 /* Resources */ = {
			isa = PBXResourcesBuildPhase;
			buildActionMask = 2147483647;
			files = (
				04634F8A1C04E63300CCB02B /* OnBlack.png in Resources */,
				04634F9D1C05702000CCB02B /* SkewImage.xib in Resources */,
				0499B9CE1C04231D00B35444 /* LaunchScreen.storyboard in Resources */,
				0499BA141C04291100B35444 /* DemoSelector.xib in Resources */,
				04E520321C077B2300E23EF0 /* ArrayHW1.plist in Resources */,
				0499B9CB1C04231D00B35444 /* Assets.xcassets in Resources */,
				04634FA21C05711C00CCB02B /* SkewImage.jpg in Resources */,
				04E520271C06E15700E23EF0 /* Data.plist in Resources */,
				043C16EF1C04DD3000286C39 /* DemoSlider.xib in Resources */,
				04634F891C04E63300CCB02B /* OffWhite.png in Resources */,
				04634F981C055E8300CCB02B /* Customized UISwitch.xib in Resources */,
				04634F8B1C04E63300CCB02B /* OnWhite.png in Resources */,
				04634F881C04E63300CCB02B /* OffBlack.png in Resources */,
			);
			runOnlyForDeploymentPostprocessing = 0;
		};
		0499B9D21C04231D00B35444 /* Resources */ = {
			isa = PBXResourcesBuildPhase;
			buildActionMask = 2147483647;
			files = (
			);
			runOnlyForDeploymentPostprocessing = 0;
		};
		0499B9DD1C04231D00B35444 /* Resources */ = {
			isa = PBXResourcesBuildPhase;
			buildActionMask = 2147483647;
			files = (
			);
			runOnlyForDeploymentPostprocessing = 0;
		};
/* End PBXResourcesBuildPhase section */

/* Begin PBXSourcesBuildPhase section */
		0499B9B71C04231C00B35444 /* Sources */ = {
			isa = PBXSourcesBuildPhase;
			buildActionMask = 2147483647;
			files = (
				04E520121C06C57100E23EF0 /* CvsObcFunction.m in Sources */,
				0499B9FE1C0423F900B35444 /* BootLogic.m in Sources */,
				0499BA001C0423F900B35444 /* MainScreen.m in Sources */,
				0499B9FF1C0423F900B35444 /* ConsoleScreen.m in Sources */,
				0499B9FD1C0423F900B35444 /* AppDelegate.m in Sources */,
				04E520351C07860900E23EF0 /* ArrayHW2.m in Sources */,
				04E5202A1C074B7E00E23EF0 /* QueryArray.m in Sources */,
				0499BA0A1C0425E700B35444 /* DemoFunction.m in Sources */,
				0499BA131C04291100B35444 /* DemoSelector.m in Sources */,
				04E520251C06DCC500E23EF0 /* CreateArray.m in Sources */,
				04E520301C077AFC00E23EF0 /* ArrayHW1.m in Sources */,
				04E520381C07863D00E23EF0 /* ArrayHW2RemoveDuplicate.m in Sources */,
				0499B9C01C04231C00B35444 /* main.m in Sources */,
				04634F9C1C05702000CCB02B /* SkewImage.m in Sources */,
				04E5202D1C074D7100E23EF0 /* Student.m in Sources */,
				04634F971C055E8300CCB02B /* Customized UISwitch.m in Sources */,
				043C16EE1C04DD3000286C39 /* DemoSlider.m in Sources */,
			);
			runOnlyForDeploymentPostprocessing = 0;
		};
		0499B9D01C04231D00B35444 /* Sources */ = {
			isa = PBXSourcesBuildPhase;
			buildActionMask = 2147483647;
			files = (
				0499B9D91C04231D00B35444 /* ObjcExamplesTests.m in Sources */,
			);
			runOnlyForDeploymentPostprocessing = 0;
		};
		0499B9DB1C04231D00B35444 /* Sources */ = {
			isa = PBXSourcesBuildPhase;
			buildActionMask = 2147483647;
			files = (
				0499B9E41C04231D00B35444 /* ObjcExamplesUITests.m in Sources */,
			);
			runOnlyForDeploymentPostprocessing = 0;
		};
/* End PBXSourcesBuildPhase section */

/* Begin PBXTargetDependency section */
		0499B9D61C04231D00B35444 /* PBXTargetDependency */ = {
			isa = PBXTargetDependency;
			target = 0499B9BA1C04231C00B35444 /* ObjcExamples */;
			targetProxy = 0499B9D51C04231D00B35444 /* PBXContainerItemProxy */;
		};
		0499B9E11C04231D00B35444 /* PBXTargetDependency */ = {
			isa = PBXTargetDependency;
			target = 0499B9BA1C04231C00B35444 /* ObjcExamples */;
			targetProxy = 0499B9E01C04231D00B35444 /* PBXContainerItemProxy */;
		};
/* End PBXTargetDependency section */

/* Begin PBXVariantGroup section */
		0499B9CC1C04231D00B35444 /* LaunchScreen.storyboard */ = {
			isa = PBXVariantGroup;
			children = (
				0499B9CD1C04231D00B35444 /* Base */,
			);
			name = LaunchScreen.storyboard;
			sourceTree = "<group>";
		};
/* End PBXVariantGroup section */

/* Begin XCBuildConfiguration section */
		0499B9E61C04231D00B35444 /* Debug */ = {
			isa = XCBuildConfiguration;
			buildSettings = {
				ALWAYS_SEARCH_USER_PATHS = NO;
				CLANG_CXX_LANGUAGE_STANDARD = "gnu++0x";
				CLANG_CXX_LIBRARY = "libc++";
				CLANG_ENABLE_MODULES = YES;
				CLANG_ENABLE_OBJC_ARC = YES;
				CLANG_WARN_BOOL_CONVERSION = YES;
				CLANG_WARN_CONSTANT_CONVERSION = YES;
				CLANG_WARN_DIRECT_OBJC_ISA_USAGE = YES_ERROR;
				CLANG_WARN_EMPTY_BODY = YES;
				CLANG_WARN_ENUM_CONVERSION = YES;
				CLANG_WARN_INT_CONVERSION = YES;
				CLANG_WARN_OBJC_ROOT_CLASS = YES_ERROR;
				CLANG_WARN_UNREACHABLE_CODE = YES;
				CLANG_WARN__DUPLICATE_METHOD_MATCH = YES;
				"CODE_SIGN_IDENTITY[sdk=iphoneos*]" = "iPhone Developer";
				COPY_PHASE_STRIP = NO;
				DEBUG_INFORMATION_FORMAT = dwarf;
				ENABLE_STRICT_OBJC_MSGSEND = YES;
				ENABLE_TESTABILITY = YES;
				GCC_C_LANGUAGE_STANDARD = gnu99;
				GCC_DYNAMIC_NO_PIC = NO;
				GCC_NO_COMMON_BLOCKS = YES;
				GCC_OPTIMIZATION_LEVEL = 0;
				GCC_PREPROCESSOR_DEFINITIONS = (
					"DEBUG=1",
					"$(inherited)",
				);
				GCC_WARN_64_TO_32_BIT_CONVERSION = YES;
				GCC_WARN_ABOUT_RETURN_TYPE = YES_ERROR;
				GCC_WARN_UNDECLARED_SELECTOR = YES;
				GCC_WARN_UNINITIALIZED_AUTOS = YES_AGGRESSIVE;
				GCC_WARN_UNUSED_FUNCTION = YES;
				GCC_WARN_UNUSED_VARIABLE = YES;
				IPHONEOS_DEPLOYMENT_TARGET = 9.0;
				MTL_ENABLE_DEBUG_INFO = YES;
				ONLY_ACTIVE_ARCH = YES;
				SDKROOT = iphoneos;
				TARGETED_DEVICE_FAMILY = "1,2";
			};
			name = Debug;
		};
		0499B9E71C04231D00B35444 /* Release */ = {
			isa = XCBuildConfiguration;
			buildSettings = {
				ALWAYS_SEARCH_USER_PATHS = NO;
				CLANG_CXX_LANGUAGE_STANDARD = "gnu++0x";
				CLANG_CXX_LIBRARY = "libc++";
				CLANG_ENABLE_MODULES = YES;
				CLANG_ENABLE_OBJC_ARC = YES;
				CLANG_WARN_BOOL_CONVERSION = YES;
				CLANG_WARN_CONSTANT_CONVERSION = YES;
				CLANG_WARN_DIRECT_OBJC_ISA_USAGE = YES_ERROR;
				CLANG_WARN_EMPTY_BODY = YES;
				CLANG_WARN_ENUM_CONVERSION = YES;
				CLANG_WARN_INT_CONVERSION = YES;
				CLANG_WARN_OBJC_ROOT_CLASS = YES_ERROR;
				CLANG_WARN_UNREACHABLE_CODE = YES;
				CLANG_WARN__DUPLICATE_METHOD_MATCH = YES;
				"CODE_SIGN_IDENTITY[sdk=iphoneos*]" = "iPhone Developer";
				COPY_PHASE_STRIP = NO;
				DEBUG_INFORMATION_FORMAT = "dwarf-with-dsym";
				ENABLE_NS_ASSERTIONS = NO;
				ENABLE_STRICT_OBJC_MSGSEND = YES;
				GCC_C_LANGUAGE_STANDARD = gnu99;
				GCC_NO_COMMON_BLOCKS = YES;
				GCC_WARN_64_TO_32_BIT_CONVERSION = YES;
				GCC_WARN_ABOUT_RETURN_TYPE = YES_ERROR;
				GCC_WARN_UNDECLARED_SELECTOR = YES;
				GCC_WARN_UNINITIALIZED_AUTOS = YES_AGGRESSIVE;
				GCC_WARN_UNUSED_FUNCTION = YES;
				GCC_WARN_UNUSED_VARIABLE = YES;
				IPHONEOS_DEPLOYMENT_TARGET = 9.0;
				MTL_ENABLE_DEBUG_INFO = NO;
				SDKROOT = iphoneos;
				TARGETED_DEVICE_FAMILY = "1,2";
				VALIDATE_PRODUCT = YES;
			};
			name = Release;
		};
		0499B9E91C04231D00B35444 /* Debug */ = {
			isa = XCBuildConfiguration;
			buildSettings = {
				ASSETCATALOG_COMPILER_APPICON_NAME = AppIcon;
				CODE_SIGN_IDENTITY = "iPhone Developer";
				"CODE_SIGN_IDENTITY[sdk=iphoneos*]" = "iPhone Developer";
				INFOPLIST_FILE = ObjcExamples/Info.plist;
				LD_RUNPATH_SEARCH_PATHS = "$(inherited) @executable_path/Frameworks";
				PRODUCT_BUNDLE_IDENTIFIER = nguyentubjng.ObjcExamples;
				PRODUCT_NAME = "$(TARGET_NAME)";
				PROVISIONING_PROFILE = "";
			};
			name = Debug;
		};
		0499B9EA1C04231D00B35444 /* Release */ = {
			isa = XCBuildConfiguration;
			buildSettings = {
				ASSETCATALOG_COMPILER_APPICON_NAME = AppIcon;
				CODE_SIGN_IDENTITY = "iPhone Developer";
				"CODE_SIGN_IDENTITY[sdk=iphoneos*]" = "iPhone Developer";
				INFOPLIST_FILE = ObjcExamples/Info.plist;
				LD_RUNPATH_SEARCH_PATHS = "$(inherited) @executable_path/Frameworks";
				PRODUCT_BUNDLE_IDENTIFIER = nguyentubjng.ObjcExamples;
				PRODUCT_NAME = "$(TARGET_NAME)";
				PROVISIONING_PROFILE = "";
			};
			name = Release;
		};
		0499B9EC1C04231D00B35444 /* Debug */ = {
			isa = XCBuildConfiguration;
			buildSettings = {
				BUNDLE_LOADER = "$(TEST_HOST)";
				INFOPLIST_FILE = ObjcExamplesTests/Info.plist;
				LD_RUNPATH_SEARCH_PATHS = "$(inherited) @executable_path/Frameworks @loader_path/Frameworks";
				PRODUCT_BUNDLE_IDENTIFIER = nguyentubjng.ObjcExamplesTests;
				PRODUCT_NAME = "$(TARGET_NAME)";
				TEST_HOST = "$(BUILT_PRODUCTS_DIR)/ObjcExamples.app/ObjcExamples";
			};
			name = Debug;
		};
		0499B9ED1C04231D00B35444 /* Release */ = {
			isa = XCBuildConfiguration;
			buildSettings = {
				BUNDLE_LOADER = "$(TEST_HOST)";
				INFOPLIST_FILE = ObjcExamplesTests/Info.plist;
				LD_RUNPATH_SEARCH_PATHS = "$(inherited) @executable_path/Frameworks @loader_path/Frameworks";
				PRODUCT_BUNDLE_IDENTIFIER = nguyentubjng.ObjcExamplesTests;
				PRODUCT_NAME = "$(TARGET_NAME)";
				TEST_HOST = "$(BUILT_PRODUCTS_DIR)/ObjcExamples.app/ObjcExamples";
			};
			name = Release;
		};
		0499B9EF1C04231D00B35444 /* Debug */ = {
			isa = XCBuildConfiguration;
			buildSettings = {
				INFOPLIST_FILE = ObjcExamplesUITests/Info.plist;
				LD_RUNPATH_SEARCH_PATHS = "$(inherited) @executable_path/Frameworks @loader_path/Frameworks";
				PRODUCT_BUNDLE_IDENTIFIER = nguyentubjng.ObjcExamplesUITests;
				PRODUCT_NAME = "$(TARGET_NAME)";
				TEST_TARGET_NAME = ObjcExamples;
				USES_XCTRUNNER = YES;
			};
			name = Debug;
		};
		0499B9F01C04231D00B35444 /* Release */ = {
			isa = XCBuildConfiguration;
			buildSettings = {
				INFOPLIST_FILE = ObjcExamplesUITests/Info.plist;
				LD_RUNPATH_SEARCH_PATHS = "$(inherited) @executable_path/Frameworks @loader_path/Frameworks";
				PRODUCT_BUNDLE_IDENTIFIER = nguyentubjng.ObjcExamplesUITests;
				PRODUCT_NAME = "$(TARGET_NAME)";
				TEST_TARGET_NAME = ObjcExamples;
				USES_XCTRUNNER = YES;
			};
			name = Release;
		};
/* End XCBuildConfiguration section */

/* Begin XCConfigurationList section */
		0499B9B61C04231C00B35444 /* Build configuration list for PBXProject "ObjcExamples" */ = {
			isa = XCConfigurationList;
			buildConfigurations = (
				0499B9E61C04231D00B35444 /* Debug */,
				0499B9E71C04231D00B35444 /* Release */,
			);
			defaultConfigurationIsVisible = 0;
			defaultConfigurationName = Release;
		};
		0499B9E81C04231D00B35444 /* Build configuration list for PBXNativeTarget "ObjcExamples" */ = {
			isa = XCConfigurationList;
			buildConfigurations = (
				0499B9E91C04231D00B35444 /* Debug */,
				0499B9EA1C04231D00B35444 /* Release */,
			);
			defaultConfigurationIsVisible = 0;
			defaultConfigurationName = Release;
		};
		0499B9EB1C04231D00B35444 /* Build configuration list for PBXNativeTarget "ObjcExamplesTests" */ = {
			isa = XCConfigurationList;
			buildConfigurations = (
				0499B9EC1C04231D00B35444 /* Debug */,
				0499B9ED1C04231D00B35444 /* Release */,
			);
			defaultConfigurationIsVisible = 0;
			defaultConfigurationName = Release;
		};
		0499B9EE1C04231D00B35444 /* Build configuration list for PBXNativeTarget "ObjcExamplesUITests" */ = {
			isa = XCConfigurationList;
			buildConfigurations = (
				0499B9EF1C04231D00B35444 /* Debug */,
				0499B9F01C04231D00B35444 /* Release */,
			);
			defaultConfigurationIsVisible = 0;
			defaultConfigurationName = Release;
		};
/* End XCConfigurationList section */
	};
	rootObject = 0499B9B31C04231C00B35444 /* Project object */;
}
